// !$*UTF8*$!
{
	archiveVersion = 1;
	classes = {
	};
	objectVersion = 50;
	objects = {

/* Begin PBXBuildFile section */
		7A0A68B4241F0DBA00E6AE33 /* Assets.xcassets in Resources */ = {isa = PBXBuildFile; fileRef = 7A0A68B3241F0DBA00E6AE33 /* Assets.xcassets */; };
		7A0A68B7241F0DBA00E6AE33 /* LaunchScreen.storyboard in Resources */ = {isa = PBXBuildFile; fileRef = 7A0A68B5241F0DBA00E6AE33 /* LaunchScreen.storyboard */; };
		7A0A68D32420573A00E6AE33 /* AppDelegate.swift in Sources */ = {isa = PBXBuildFile; fileRef = 7A0A68CC2420573A00E6AE33 /* AppDelegate.swift */; };
		7A0A68D824206ADD00E6AE33 /* HomeVC.swift in Sources */ = {isa = PBXBuildFile; fileRef = 7A0A68D724206ADD00E6AE33 /* HomeVC.swift */; };
		7A0A68DA24206AF700E6AE33 /* VideoVC.swift in Sources */ = {isa = PBXBuildFile; fileRef = 7A0A68D924206AF700E6AE33 /* VideoVC.swift */; };
		7A0A68DC24206B1600E6AE33 /* HuoShanVC.swift in Sources */ = {isa = PBXBuildFile; fileRef = 7A0A68DB24206B1600E6AE33 /* HuoShanVC.swift */; };
		7A0A68DE24206B4300E6AE33 /* MineVC.swift in Sources */ = {isa = PBXBuildFile; fileRef = 7A0A68DD24206B4300E6AE33 /* MineVC.swift */; };
		7A0A68E424206EF000E6AE33 /* MyTabBarVC.swift in Sources */ = {isa = PBXBuildFile; fileRef = 7A0A68E124206EF000E6AE33 /* MyTabBarVC.swift */; };
		7A0A68E624206F4C00E6AE33 /* MyNavigationVC.swift in Sources */ = {isa = PBXBuildFile; fileRef = 7A0A68E524206F4C00E6AE33 /* MyNavigationVC.swift */; };
		7A0A68E8242077F600E6AE33 /* MyTabBar.swift in Sources */ = {isa = PBXBuildFile; fileRef = 7A0A68E7242077F600E6AE33 /* MyTabBar.swift */; };
/* End PBXBuildFile section */

/* Begin PBXFileReference section */
		7A0A68A7241F0D9A00E6AE33 /* News.app */ = {isa = PBXFileReference; explicitFileType = wrapper.application; includeInIndex = 0; path = News.app; sourceTree = BUILT_PRODUCTS_DIR; };
		7A0A68B3241F0DBA00E6AE33 /* Assets.xcassets */ = {isa = PBXFileReference; lastKnownFileType = folder.assetcatalog; path = Assets.xcassets; sourceTree = "<group>"; };
		7A0A68B6241F0DBA00E6AE33 /* Base */ = {isa = PBXFileReference; lastKnownFileType = file.storyboard; name = Base; path = Base.lproj/LaunchScreen.storyboard; sourceTree = "<group>"; };
		7A0A68B8241F0DBA00E6AE33 /* Info.plist */ = {isa = PBXFileReference; lastKnownFileType = text.plist.xml; path = Info.plist; sourceTree = "<group>"; };
		7A0A68CC2420573A00E6AE33 /* AppDelegate.swift */ = {isa = PBXFileReference; fileEncoding = 4; lastKnownFileType = sourcecode.swift; path = AppDelegate.swift; sourceTree = "<group>"; };
		7A0A68D724206ADD00E6AE33 /* HomeVC.swift */ = {isa = PBXFileReference; lastKnownFileType = sourcecode.swift; path = HomeVC.swift; sourceTree = "<group>"; };
		7A0A68D924206AF700E6AE33 /* VideoVC.swift */ = {isa = PBXFileReference; lastKnownFileType = sourcecode.swift; path = VideoVC.swift; sourceTree = "<group>"; };
		7A0A68DB24206B1600E6AE33 /* HuoShanVC.swift */ = {isa = PBXFileReference; lastKnownFileType = sourcecode.swift; path = HuoShanVC.swift; sourceTree = "<group>"; };
		7A0A68DD24206B4300E6AE33 /* MineVC.swift */ = {isa = PBXFileReference; lastKnownFileType = sourcecode.swift; path = MineVC.swift; sourceTree = "<group>"; };
		7A0A68E124206EF000E6AE33 /* MyTabBarVC.swift */ = {isa = PBXFileReference; fileEncoding = 4; lastKnownFileType = sourcecode.swift; path = MyTabBarVC.swift; sourceTree = "<group>"; };
		7A0A68E524206F4C00E6AE33 /* MyNavigationVC.swift */ = {isa = PBXFileReference; lastKnownFileType = sourcecode.swift; path = MyNavigationVC.swift; sourceTree = "<group>"; };
		7A0A68E7242077F600E6AE33 /* MyTabBar.swift */ = {isa = PBXFileReference; lastKnownFileType = sourcecode.swift; path = MyTabBar.swift; sourceTree = "<group>"; };
/* End PBXFileReference section */

/* Begin PBXFrameworksBuildPhase section */
		7A0A68A4241F0D9A00E6AE33 /* Frameworks */ = {
			isa = PBXFrameworksBuildPhase;
			buildActionMask = 2147483647;
			files = (
			);
			runOnlyForDeploymentPostprocessing = 0;
		};
/* End PBXFrameworksBuildPhase section */

/* Begin PBXGroup section */
		7A0A689E241F0D9900E6AE33 = {
			isa = PBXGroup;
			children = (
				7A0A68A9241F0D9A00E6AE33 /* News */,
				7A0A68A8241F0D9A00E6AE33 /* Products */,
			);
			sourceTree = "<group>";
		};
		7A0A68A8241F0D9A00E6AE33 /* Products */ = {
			isa = PBXGroup;
			children = (
				7A0A68A7241F0D9A00E6AE33 /* News.app */,
			);
			name = Products;
			sourceTree = "<group>";
		};
		7A0A68A9241F0D9A00E6AE33 /* News */ = {
			isa = PBXGroup;
			children = (
				7A0A68BE2420573A00E6AE33 /* Classes */,
				7A0A68B3241F0DBA00E6AE33 /* Assets.xcassets */,
				7A0A68B5241F0DBA00E6AE33 /* LaunchScreen.storyboard */,
				7A0A68B8241F0DBA00E6AE33 /* Info.plist */,
			);
			path = News;
			sourceTree = "<group>";
		};
		7A0A68BE2420573A00E6AE33 /* Classes */ = {
			isa = PBXGroup;
			children = (
				7A0A68BF2420573A00E6AE33 /* Home */,
				7A0A68C32420573A00E6AE33 /* Video */,
				7A0A68C72420573A00E6AE33 /* Huoshan */,
				7A0A68CE2420573A00E6AE33 /* Mine */,
				7A0A68CB2420573A00E6AE33 /* Others */,
				7A0A68D22420573A00E6AE33 /* Main */,
			);
			path = Classes;
			sourceTree = "<group>";
		};
		7A0A68BF2420573A00E6AE33 /* Home */ = {
			isa = PBXGroup;
			children = (
				7A0A68C02420573A00E6AE33 /* Controller */,
				7A0A68C12420573A00E6AE33 /* Model */,
				7A0A68C22420573A00E6AE33 /* View */,
			);
			path = Home;
			sourceTree = "<group>";
		};
		7A0A68C02420573A00E6AE33 /* Controller */ = {
			isa = PBXGroup;
			children = (
				7A0A68D724206ADD00E6AE33 /* HomeVC.swift */,
			);
			path = Controller;
			sourceTree = "<group>";
		};
		7A0A68C12420573A00E6AE33 /* Model */ = {
			isa = PBXGroup;
			children = (
			);
			path = Model;
			sourceTree = "<group>";
		};
		7A0A68C22420573A00E6AE33 /* View */ = {
			isa = PBXGroup;
			children = (
			);
			path = View;
			sourceTree = "<group>";
		};
		7A0A68C32420573A00E6AE33 /* Video */ = {
			isa = PBXGroup;
			children = (
				7A0A68C42420573A00E6AE33 /* Controller */,
				7A0A68C52420573A00E6AE33 /* Model */,
				7A0A68C62420573A00E6AE33 /* View */,
			);
			path = Video;
			sourceTree = "<group>";
		};
		7A0A68C42420573A00E6AE33 /* Controller */ = {
			isa = PBXGroup;
			children = (
				7A0A68D924206AF700E6AE33 /* VideoVC.swift */,
			);
			path = Controller;
			sourceTree = "<group>";
		};
		7A0A68C52420573A00E6AE33 /* Model */ = {
			isa = PBXGroup;
			children = (
			);
			path = Model;
			sourceTree = "<group>";
		};
		7A0A68C62420573A00E6AE33 /* View */ = {
			isa = PBXGroup;
			children = (
			);
			path = View;
			sourceTree = "<group>";
		};
		7A0A68C72420573A00E6AE33 /* Huoshan */ = {
			isa = PBXGroup;
			children = (
				7A0A68C82420573A00E6AE33 /* Controller */,
				7A0A68C92420573A00E6AE33 /* Model */,
				7A0A68CA2420573A00E6AE33 /* View */,
			);
			path = Huoshan;
			sourceTree = "<group>";
		};
		7A0A68C82420573A00E6AE33 /* Controller */ = {
			isa = PBXGroup;
			children = (
				7A0A68DB24206B1600E6AE33 /* HuoShanVC.swift */,
			);
			path = Controller;
			sourceTree = "<group>";
		};
		7A0A68C92420573A00E6AE33 /* Model */ = {
			isa = PBXGroup;
			children = (
			);
			path = Model;
			sourceTree = "<group>";
		};
		7A0A68CA2420573A00E6AE33 /* View */ = {
			isa = PBXGroup;
			children = (
			);
			path = View;
			sourceTree = "<group>";
		};
		7A0A68CB2420573A00E6AE33 /* Others */ = {
			isa = PBXGroup;
			children = (
				7A0A68CC2420573A00E6AE33 /* AppDelegate.swift */,
			);
			path = Others;
			sourceTree = "<group>";
		};
		7A0A68CE2420573A00E6AE33 /* Mine */ = {
			isa = PBXGroup;
			children = (
				7A0A68CF2420573A00E6AE33 /* Controller */,
				7A0A68D02420573A00E6AE33 /* Model */,
				7A0A68D12420573A00E6AE33 /* View */,
			);
			path = Mine;
			sourceTree = "<group>";
		};
		7A0A68CF2420573A00E6AE33 /* Controller */ = {
			isa = PBXGroup;
			children = (
				7A0A68DD24206B4300E6AE33 /* MineVC.swift */,
			);
			path = Controller;
			sourceTree = "<group>";
		};
		7A0A68D02420573A00E6AE33 /* Model */ = {
			isa = PBXGroup;
			children = (
			);
			path = Model;
			sourceTree = "<group>";
		};
		7A0A68D12420573A00E6AE33 /* View */ = {
			isa = PBXGroup;
			children = (
				7A0A68E7242077F600E6AE33 /* MyTabBar.swift */,
			);
			path = View;
			sourceTree = "<group>";
		};
		7A0A68D22420573A00E6AE33 /* Main */ = {
			isa = PBXGroup;
			children = (
				7A0A68E024206EF000E6AE33 /* controller */,
				7A0A68E324206EF000E6AE33 /* Extension */,
				7A0A68DF24206EF000E6AE33 /* Tools */,
				7A0A68E224206EF000E6AE33 /* View */,
			);
			path = Main;
			sourceTree = "<group>";
		};
		7A0A68DF24206EF000E6AE33 /* Tools */ = {
			isa = PBXGroup;
			children = (
			);
			path = Tools;
			sourceTree = "<group>";
		};
		7A0A68E024206EF000E6AE33 /* controller */ = {
			isa = PBXGroup;
			children = (
				7A0A68E124206EF000E6AE33 /* MyTabBarVC.swift */,
				7A0A68E524206F4C00E6AE33 /* MyNavigationVC.swift */,
			);
			path = controller;
			sourceTree = "<group>";
		};
		7A0A68E224206EF000E6AE33 /* View */ = {
			isa = PBXGroup;
			children = (
			);
			path = View;
			sourceTree = "<group>";
		};
		7A0A68E324206EF000E6AE33 /* Extension */ = {
			isa = PBXGroup;
			children = (
			);
			path = Extension;
			sourceTree = "<group>";
		};
/* End PBXGroup section */

/* Begin PBXNativeTarget section */
		7A0A68A6241F0D9A00E6AE33 /* News */ = {
			isa = PBXNativeTarget;
			buildConfigurationList = 7A0A68BB241F0DBA00E6AE33 /* Build configuration list for PBXNativeTarget "News" */;
			buildPhases = (
				7A0A68A3241F0D9A00E6AE33 /* Sources */,
				7A0A68A4241F0D9A00E6AE33 /* Frameworks */,
				7A0A68A5241F0D9A00E6AE33 /* Resources */,
			);
			buildRules = (
			);
			dependencies = (
			);
			name = News;
			productName = News;
			productReference = 7A0A68A7241F0D9A00E6AE33 /* News.app */;
			productType = "com.apple.product-type.application";
		};
/* End PBXNativeTarget section */

/* Begin PBXProject section */
		7A0A689F241F0D9A00E6AE33 /* Project object */ = {
			isa = PBXProject;
			attributes = {
				LastSwiftUpdateCheck = 1130;
				LastUpgradeCheck = 1130;
				ORGANIZATIONNAME = newcloudnet;
				TargetAttributes = {
					7A0A68A6241F0D9A00E6AE33 = {
						CreatedOnToolsVersion = 11.3;
					};
				};
			};
			buildConfigurationList = 7A0A68A2241F0D9A00E6AE33 /* Build configuration list for PBXProject "News" */;
			compatibilityVersion = "Xcode 9.3";
			developmentRegion = en;
			hasScannedForEncodings = 0;
			knownRegions = (
				en,
				Base,
			);
			mainGroup = 7A0A689E241F0D9900E6AE33;
			productRefGroup = 7A0A68A8241F0D9A00E6AE33 /* Products */;
			projectDirPath = "";
			projectRoot = "";
			targets = (
				7A0A68A6241F0D9A00E6AE33 /* News */,
			);
		};
/* End PBXProject section */

/* Begin PBXResourcesBuildPhase section */
		7A0A68A5241F0D9A00E6AE33 /* Resources */ = {
			isa = PBXResourcesBuildPhase;
			buildActionMask = 2147483647;
			files = (
				7A0A68B7241F0DBA00E6AE33 /* LaunchScreen.storyboard in Resources */,
				7A0A68B4241F0DBA00E6AE33 /* Assets.xcassets in Resources */,
			);
			runOnlyForDeploymentPostprocessing = 0;
		};
/* End PBXResourcesBuildPhase section */

/* Begin PBXSourcesBuildPhase section */
		7A0A68A3241F0D9A00E6AE33 /* Sources */ = {
			isa = PBXSourcesBuildPhase;
			buildActionMask = 2147483647;
			files = (
				7A0A68DA24206AF700E6AE33 /* VideoVC.swift in Sources */,
				7A0A68DE24206B4300E6AE33 /* MineVC.swift in Sources */,
				7A0A68E624206F4C00E6AE33 /* MyNavigationVC.swift in Sources */,
				7A0A68E8242077F600E6AE33 /* MyTabBar.swift in Sources */,
				7A0A68D824206ADD00E6AE33 /* HomeVC.swift in Sources */,
				7A0A68E424206EF000E6AE33 /* MyTabBarVC.swift in Sources */,
				7A0A68D32420573A00E6AE33 /* AppDelegate.swift in Sources */,
				7A0A68DC24206B1600E6AE33 /* HuoShanVC.swift in Sources */,
			);
			runOnlyForDeploymentPostprocessing = 0;
		};
/* End PBXSourcesBuildPhase section */

/* Begin PBXVariantGroup section */
		7A0A68B5241F0DBA00E6AE33 /* LaunchScreen.storyboard */ = {
			isa = PBXVariantGroup;
			children = (
				7A0A68B6241F0DBA00E6AE33 /* Base */,
			);
			name = LaunchScreen.storyboard;
			sourceTree = "<group>";
		};
/* End PBXVariantGroup section */

/* Begin XCBuildConfiguration section */
		7A0A68B9241F0DBA00E6AE33 /* Debug */ = {
			isa = XCBuildConfiguration;
			buildSettings = {
				ALWAYS_SEARCH_USER_PATHS = NO;
				CLANG_ANALYZER_NONNULL = YES;
				CLANG_ANALYZER_NUMBER_OBJECT_CONVERSION = YES_AGGRESSIVE;
				CLANG_CXX_LANGUAGE_STANDARD = "gnu++14";
				CLANG_CXX_LIBRARY = "libc++";
				CLANG_ENABLE_MODULES = YES;
				CLANG_ENABLE_OBJC_ARC = YES;
				CLANG_ENABLE_OBJC_WEAK = YES;
				CLANG_WARN_BLOCK_CAPTURE_AUTORELEASING = YES;
				CLANG_WARN_BOOL_CONVERSION = YES;
				CLANG_WARN_COMMA = YES;
				CLANG_WARN_CONSTANT_CONVERSION = YES;
				CLANG_WARN_DEPRECATED_OBJC_IMPLEMENTATIONS = YES;
				CLANG_WARN_DIRECT_OBJC_ISA_USAGE = YES_ERROR;
				CLANG_WARN_DOCUMENTATION_COMMENTS = YES;
				CLANG_WARN_EMPTY_BODY = YES;
				CLANG_WARN_ENUM_CONVERSION = YES;
				CLANG_WARN_INFINITE_RECURSION = YES;
				CLANG_WARN_INT_CONVERSION = YES;
				CLANG_WARN_NON_LITERAL_NULL_CONVERSION = YES;
				CLANG_WARN_OBJC_IMPLICIT_RETAIN_SELF = YES;
				CLANG_WARN_OBJC_LITERAL_CONVERSION = YES;
				CLANG_WARN_OBJC_ROOT_CLASS = YES_ERROR;
				CLANG_WARN_RANGE_LOOP_ANALYSIS = YES;
				CLANG_WARN_STRICT_PROTOTYPES = YES;
				CLANG_WARN_SUSPICIOUS_MOVE = YES;
				CLANG_WARN_UNGUARDED_AVAILABILITY = YES_AGGRESSIVE;
				CLANG_WARN_UNREACHABLE_CODE = YES;
				CLANG_WARN__DUPLICATE_METHOD_MATCH = YES;
				COPY_PHASE_STRIP = NO;
				DEBUG_INFORMATION_FORMAT = dwarf;
				ENABLE_STRICT_OBJC_MSGSEND = YES;
				ENABLE_TESTABILITY = YES;
				GCC_C_LANGUAGE_STANDARD = gnu11;
				GCC_DYNAMIC_NO_PIC = NO;
				GCC_NO_COMMON_BLOCKS = YES;
				GCC_OPTIMIZATION_LEVEL = 0;
				GCC_PREPROCESSOR_DEFINITIONS = (
					"DEBUG=1",
					"$(inherited)",
				);
				GCC_WARN_64_TO_32_BIT_CONVERSION = YES;
				GCC_WARN_ABOUT_RETURN_TYPE = YES_ERROR;
				GCC_WARN_UNDECLARED_SELECTOR = YES;
				GCC_WARN_UNINITIALIZED_AUTOS = YES_AGGRESSIVE;
				GCC_WARN_UNUSED_FUNCTION = YES;
				GCC_WARN_UNUSED_VARIABLE = YES;
				IPHONEOS_DEPLOYMENT_TARGET = 13.2;
				MTL_ENABLE_DEBUG_INFO = INCLUDE_SOURCE;
				MTL_FAST_MATH = YES;
				ONLY_ACTIVE_ARCH = YES;
				SDKROOT = iphoneos;
				SWIFT_ACTIVE_COMPILATION_CONDITIONS = DEBUG;
				SWIFT_OPTIMIZATION_LEVEL = "-Onone";
			};
			name = Debug;
		};
		7A0A68BA241F0DBA00E6AE33 /* Release */ = {
			isa = XCBuildConfiguration;
			buildSettings = {
				ALWAYS_SEARCH_USER_PATHS = NO;
				CLANG_ANALYZER_NONNULL = YES;
				CLANG_ANALYZER_NUMBER_OBJECT_CONVERSION = YES_AGGRESSIVE;
				CLANG_CXX_LANGUAGE_STANDARD = "gnu++14";
				CLANG_CXX_LIBRARY = "libc++";
				CLANG_ENABLE_MODULES = YES;
				CLANG_ENABLE_OBJC_ARC = YES;
				CLANG_ENABLE_OBJC_WEAK = YES;
				CLANG_WARN_BLOCK_CAPTURE_AUTORELEASING = YES;
				CLANG_WARN_BOOL_CONVERSION = YES;
				CLANG_WARN_COMMA = YES;
				CLANG_WARN_CONSTANT_CONVERSION = YES;
				CLANG_WARN_DEPRECATED_OBJC_IMPLEMENTATIONS = YES;
				CLANG_WARN_DIRECT_OBJC_ISA_USAGE = YES_ERROR;
				CLANG_WARN_DOCUMENTATION_COMMENTS = YES;
				CLANG_WARN_EMPTY_BODY = YES;
				CLANG_WARN_ENUM_CONVERSION = YES;
				CLANG_WARN_INFINITE_RECURSION = YES;
				CLANG_WARN_INT_CONVERSION = YES;
				CLANG_WARN_NON_LITERAL_NULL_CONVERSION = YES;
				CLANG_WARN_OBJC_IMPLICIT_RETAIN_SELF = YES;
				CLANG_WARN_OBJC_LITERAL_CONVERSION = YES;
				CLANG_WARN_OBJC_ROOT_CLASS = YES_ERROR;
				CLANG_WARN_RANGE_LOOP_ANALYSIS = YES;
				CLANG_WARN_STRICT_PROTOTYPES = YES;
				CLANG_WARN_SUSPICIOUS_MOVE = YES;
				CLANG_WARN_UNGUARDED_AVAILABILITY = YES_AGGRESSIVE;
				CLANG_WARN_UNREACHABLE_CODE = YES;
				CLANG_WARN__DUPLICATE_METHOD_MATCH = YES;
				COPY_PHASE_STRIP = NO;
				DEBUG_INFORMATION_FORMAT = "dwarf-with-dsym";
				ENABLE_NS_ASSERTIONS = NO;
				ENABLE_STRICT_OBJC_MSGSEND = YES;
				GCC_C_LANGUAGE_STANDARD = gnu11;
				GCC_NO_COMMON_BLOCKS = YES;
				GCC_WARN_64_TO_32_BIT_CONVERSION = YES;
				GCC_WARN_ABOUT_RETURN_TYPE = YES_ERROR;
				GCC_WARN_UNDECLARED_SELECTOR = YES;
				GCC_WARN_UNINITIALIZED_AUTOS = YES_AGGRESSIVE;
				GCC_WARN_UNUSED_FUNCTION = YES;
				GCC_WARN_UNUSED_VARIABLE = YES;
				IPHONEOS_DEPLOYMENT_TARGET = 13.2;
				MTL_ENABLE_DEBUG_INFO = NO;
				MTL_FAST_MATH = YES;
				SDKROOT = iphoneos;
				SWIFT_COMPILATION_MODE = wholemodule;
				SWIFT_OPTIMIZATION_LEVEL = "-O";
				VALIDATE_PRODUCT = YES;
			};
			name = Release;
		};
		7A0A68BC241F0DBA00E6AE33 /* Debug */ = {
			isa = XCBuildConfiguration;
			buildSettings = {
				ASSETCATALOG_COMPILER_APPICON_NAME = AppIcon;
				CODE_SIGN_STYLE = Automatic;
				DEVELOPMENT_TEAM = F6SCZ7JR3A;
				INFOPLIST_FILE = News/Info.plist;
				LD_RUNPATH_SEARCH_PATHS = (
					"$(inherited)",
					"@executable_path/Frameworks",
				);
				PRODUCT_BUNDLE_IDENTIFIER = com.newcloudnet.News;
				PRODUCT_NAME = "$(TARGET_NAME)";
				SWIFT_VERSION = 5.0;
				TARGETED_DEVICE_FAMILY = 1;
			};
			name = Debug;
		};
		7A0A68BD241F0DBA00E6AE33 /* Release */ = {
			isa = XCBuildConfiguration;
			buildSettings = {
				ASSETCATALOG_COMPILER_APPICON_NAME = AppIcon;
				CODE_SIGN_STYLE = Automatic;
				DEVELOPMENT_TEAM = F6SCZ7JR3A;
				INFOPLIST_FILE = News/Info.plist;
				LD_RUNPATH_SEARCH_PATHS = (
					"$(inherited)",
					"@executable_path/Frameworks",
				);
				PRODUCT_BUNDLE_IDENTIFIER = com.newcloudnet.News;
				PRODUCT_NAME = "$(TARGET_NAME)";
				SWIFT_VERSION = 5.0;
				TARGETED_DEVICE_FAMILY = 1;
			};
			name = Release;
		};
/* End XCBuildConfiguration section */

/* Begin XCConfigurationList section */
		7A0A68A2241F0D9A00E6AE33 /* Build configuration list for PBXProject "News" */ = {
			isa = XCConfigurationList;
			buildConfigurations = (
				7A0A68B9241F0DBA00E6AE33 /* Debug */,
				7A0A68BA241F0DBA00E6AE33 /* Release */,
			);
			defaultConfigurationIsVisible = 0;
			defaultConfigurationName = Release;
		};
		7A0A68BB241F0DBA00E6AE33 /* Build configuration list for PBXNativeTarget "News" */ = {
			isa = XCConfigurationList;
			buildConfigurations = (
				7A0A68BC241F0DBA00E6AE33 /* Debug */,
				7A0A68BD241F0DBA00E6AE33 /* Release */,
			);
			defaultConfigurationIsVisible = 0;
			defaultConfigurationName = Release;
		};
/* End XCConfigurationList section */
	};
	rootObject = 7A0A689F241F0D9A00E6AE33 /* Project object */;
}
